
Microsoft Visual Studio Solution File, Format Version 12.00
# Visual Studio Version 16
VisualStudioVersion = 16.0.30413.136
MinimumVisualStudioVersion = 10.0.40219.1
Project("{FAE04EC0-301F-11D3-BF4B-00C04F79EFBC}") = "BWConnection", "BWConnection\BWConnection.csproj", "{4E322711-271F-4503-9B66-8DAD87D3F121}"
EndProject
Global
	GlobalSection(SolutionConfigurationPlatforms) = preSolution
		Debug|Any CPU = Debug|Any CPU
		Release|Any CPU = Release|Any CPU
	EndGlobalSection
	GlobalSection(ProjectConfigurationPlatforms) = postSolution
		{4E322711-271F-4503-9B66-8DAD87D3F121}.Debug|Any CPU.ActiveCfg = Debug|Any CPU
		{4E322711-271F-4503-9B66-8DAD87D3F121}.Debug|Any CPU.Build.0 = Debug|Any CPU
		{4E322711-271F-4503-9B66-8DAD87D3F121}.Release|Any CPU.ActiveCfg = Release|Any CPU
		{4E322711-271F-4503-9B66-8DAD87D3F121}.Release|Any CPU.Build.0 = Release|Any CPU
	EndGlobalSection
	GlobalSection(SolutionProperties) = preSolution
		HideSolutionNode = FALSE
	EndGlobalSection
	GlobalSection(ExtensibilityGlobals) = postSolution
		SolutionGuid = {EE3EA7F5-AB93-445E-ABA3-CD4DE2921508}
	EndGlobalSection
EndGlobal
